
Microsoft Visual Studio Solution File, Format Version 12.00
# Visual Studio Version 17
VisualStudioVersion = 17.10.34928.147
MinimumVisualStudioVersion = 10.0.40219.1
Project("{FAE04EC0-301F-11D3-BF4B-00C04F79EFBC}") = "Assignment2", "Assignment2\Assignment2.csproj", "{4AED3466-168A-44DC-B512-40C4741EC21B}"
EndProject
Project("{FAE04EC0-301F-11D3-BF4B-00C04F79EFBC}") = "Core", "Core\Core.csproj", "{15963ABF-9900-4EDA-BA52-62AAEFDED22E}"
EndProject
Global
	GlobalSection(SolutionConfigurationPlatforms) = preSolution
		Debug|Any CPU = Debug|Any CPU
		Release|Any CPU = Release|Any CPU
	EndGlobalSection
	GlobalSection(ProjectConfigurationPlatforms) = postSolution
		{4AED3466-168A-44DC-B512-40C4741EC21B}.Debug|Any CPU.ActiveCfg = Debug|Any CPU
		{4AED3466-168A-44DC-B512-40C4741EC21B}.Debug|Any CPU.Build.0 = Debug|Any CPU
		{4AED3466-168A-44DC-B512-40C4741EC21B}.Release|Any CPU.ActiveCfg = Release|Any CPU
		{4AED3466-168A-44DC-B512-40C4741EC21B}.Release|Any CPU.Build.0 = Release|Any CPU
		{15963ABF-9900-4EDA-BA52-62AAEFDED22E}.Debug|Any CPU.ActiveCfg = Debug|Any CPU
		{15963ABF-9900-4EDA-BA52-62AAEFDED22E}.Debug|Any CPU.Build.0 = Debug|Any CPU
		{15963ABF-9900-4EDA-BA52-62AAEFDED22E}.Release|Any CPU.ActiveCfg = Release|Any CPU
		{15963ABF-9900-4EDA-BA52-62AAEFDED22E}.Release|Any CPU.Build.0 = Release|Any CPU
	EndGlobalSection
	GlobalSection(SolutionProperties) = preSolution
		HideSolutionNode = FALSE
	EndGlobalSection
	GlobalSection(ExtensibilityGlobals) = postSolution
		SolutionGuid = {7852A2DE-78AB-4707-9025-458DD93514BA}
	EndGlobalSection
EndGlobal
